
Microsoft Visual Studio Solution File, Format Version 12.00
# Visual Studio Version 17
VisualStudioVersion = 17.0.31903.59
MinimumVisualStudioVersion = 10.0.40219.1
Project("{2150E333-8FDC-42A3-9474-1A3956D46DE8}") = "samples", "samples", "{5D20AA90-6969-D8BD-9DCD-8634F4692FDA}"
EndProject
Project("{FAE04EC0-301F-11D3-BF4B-00C04F79EFBC}") = "Proteos.CrmSampleApi", "samples\Proteos.CrmSampleApi\Proteos.CrmSampleApi.csproj", "{C6EF4F2D-56B8-454B-8FD7-E83316C8235F}"
EndProject
Project("{FAE04EC0-301F-11D3-BF4B-00C04F79EFBC}") = "Proteos.FeatureShowcase", "samples\Proteos.FeatureShowcase\Proteos.FeatureShowcase.csproj", "{79585E5A-6A4B-452C-94F0-65CB90CF971B}"
EndProject
Project("{FAE04EC0-301F-11D3-BF4B-00C04F79EFBC}") = "Proteos.SampleApi", "samples\Proteos.SampleApi\Proteos.SampleApi.csproj", "{529B9ED6-BC32-4F07-8514-6C2A002FD2D1}"
EndProject
Project("{FAE04EC0-301F-11D3-BF4B-00C04F79EFBC}") = "Proteos.Encryption.Abstractions", "src\Proteos.Encryption.Abstractions\Proteos.Encryption.Abstractions.csproj", "{29FA5186-3269-47C6-9F7F-575C7E95EB7B}"
EndProject
Project("{FAE04EC0-301F-11D3-BF4B-00C04F79EFBC}") = "Proteos.Encryption.Analyzers", "src\Proteos.Encryption.Analyzers\Proteos.Encryption.Analyzers.csproj", "{AAA4CEA1-B74D-4582-9C87-8EBAADD7B2DE}"
EndProject
Project("{FAE04EC0-301F-11D3-BF4B-00C04F79EFBC}") = "Proteos.Encryption.AwsKms", "src\Proteos.Encryption.AwsKms\Proteos.Encryption.AwsKms.csproj", "{E6D2A06C-B229-488E-B1F3-3DC15D4F9E1D}"
EndProject
Project("{FAE04EC0-301F-11D3-BF4B-00C04F79EFBC}") = "Proteos.Encryption.AzureKeyVault", "src\Proteos.Encryption.AzureKeyVault\Proteos.Encryption.AzureKeyVault.csproj", "{30260E7F-07F7-4007-993A-9B1357E78386}"
EndProject
Project("{FAE04EC0-301F-11D3-BF4B-00C04F79EFBC}") = "Proteos.Encryption.Core", "src\Proteos.Encryption.Core\Proteos.Encryption.Core.csproj", "{D2D9E43D-38CC-477B-BC12-3D776923D088}"
EndProject
Project("{FAE04EC0-301F-11D3-BF4B-00C04F79EFBC}") = "Proteos.Encryption.EntityFrameworkCore", "src\Proteos.Encryption.EntityFrameworkCore\Proteos.Encryption.EntityFrameworkCore.csproj", "{3B8857AA-9B41-4709-BA52-9EEE9605326B}"
EndProject
Project("{FAE04EC0-301F-11D3-BF4B-00C04F79EFBC}") = "Proteos.Encryption.Abstractions.Tests", "tests\Proteos.Encryption.Abstractions.Tests\Proteos.Encryption.Abstractions.Tests.csproj", "{20DA1819-862E-42A6-8B45-30B015867E72}"
EndProject
Project("{FAE04EC0-301F-11D3-BF4B-00C04F79EFBC}") = "Proteos.Encryption.Analyzers.Tests", "tests\Proteos.Encryption.Analyzers.Tests\Proteos.Encryption.Analyzers.Tests.csproj", "{F3F16D95-C0AA-4C4D-A1B4-B2E8BCA6E2EA}"
EndProject
Project("{FAE04EC0-301F-11D3-BF4B-00C04F79EFBC}") = "Proteos.Encryption.AwsKms.Tests", "tests\Proteos.Encryption.AwsKms.Tests\Proteos.Encryption.AwsKms.Tests.csproj", "{757FD36A-DE96-4D8F-8EE1-E1AB0669A2DA}"
EndProject
Project("{FAE04EC0-301F-11D3-BF4B-00C04F79EFBC}") = "Proteos.Encryption.AzureKeyVault.Tests", "tests\Proteos.Encryption.AzureKeyVault.Tests\Proteos.Encryption.AzureKeyVault.Tests.csproj", "{8CAE7086-932D-42D5-90A2-EE63D92C848F}"
EndProject
Project("{FAE04EC0-301F-11D3-BF4B-00C04F79EFBC}") = "Proteos.Encryption.Core.Tests", "tests\Proteos.Encryption.Core.Tests\Proteos.Encryption.Core.Tests.csproj", "{521A40E4-BBEE-4353-AA53-D2CA646C075C}"
EndProject
Project("{FAE04EC0-301F-11D3-BF4B-00C04F79EFBC}") = "Proteos.Encryption.EntityFrameworkCore.Tests", "tests\Proteos.Encryption.EntityFrameworkCore.Tests\Proteos.Encryption.EntityFrameworkCore.Tests.csproj", "{1996F151-80C8-4A47-9D65-D34F5FF2F160}"
EndProject
Global
	GlobalSection(SolutionConfigurationPlatforms) = preSolution
		Debug|Any CPU = Debug|Any CPU
		Debug|x64 = Debug|x64
		Debug|x86 = Debug|x86
		Release|Any CPU = Release|Any CPU
		Release|x64 = Release|x64
		Release|x86 = Release|x86
	EndGlobalSection
	GlobalSection(ProjectConfigurationPlatforms) = postSolution
		{C6EF4F2D-56B8-454B-8FD7-E83316C8235F}.Debug|Any CPU.ActiveCfg = Debug|Any CPU
		{C6EF4F2D-56B8-454B-8FD7-E83316C8235F}.Debug|Any CPU.Build.0 = Debug|Any CPU
		{C6EF4F2D-56B8-454B-8FD7-E83316C8235F}.Debug|x64.ActiveCfg = Debug|Any CPU
		{C6EF4F2D-56B8-454B-8FD7-E83316C8235F}.Debug|x64.Build.0 = Debug|Any CPU
		{C6EF4F2D-56B8-454B-8FD7-E83316C8235F}.Debug|x86.ActiveCfg = Debug|Any CPU
		{C6EF4F2D-56B8-454B-8FD7-E83316C8235F}.Debug|x86.Build.0 = Debug|Any CPU
		{C6EF4F2D-56B8-454B-8FD7-E83316C8235F}.Release|Any CPU.ActiveCfg = Release|Any CPU
		{C6EF4F2D-56B8-454B-8FD7-E83316C8235F}.Release|Any CPU.Build.0 = Release|Any CPU
		{C6EF4F2D-56B8-454B-8FD7-E83316C8235F}.Release|x64.ActiveCfg = Release|Any CPU
		{C6EF4F2D-56B8-454B-8FD7-E83316C8235F}.Release|x64.Build.0 = Release|Any CPU
		{C6EF4F2D-56B8-454B-8FD7-E83316C8235F}.Release|x86.ActiveCfg = Release|Any CPU
		{C6EF4F2D-56B8-454B-8FD7-E83316C8235F}.Release|x86.Build.0 = Release|Any CPU
		{79585E5A-6A4B-452C-94F0-65CB90CF971B}.Debug|Any CPU.ActiveCfg = Debug|Any CPU
		{79585E5A-6A4B-452C-94F0-65CB90CF971B}.Debug|Any CPU.Build.0 = Debug|Any CPU
		{79585E5A-6A4B-452C-94F0-65CB90CF971B}.Debug|x64.ActiveCfg = Debug|Any CPU
		{79585E5A-6A4B-452C-94F0-65CB90CF971B}.Debug|x64.Build.0 = Debug|Any CPU
		{79585E5A-6A4B-452C-94F0-65CB90CF971B}.Debug|x86.ActiveCfg = Debug|Any CPU
		{79585E5A-6A4B-452C-94F0-65CB90CF971B}.Debug|x86.Build.0 = Debug|Any CPU
		{79585E5A-6A4B-452C-94F0-65CB90CF971B}.Release|Any CPU.ActiveCfg = Release|Any CPU
		{79585E5A-6A4B-452C-94F0-65CB90CF971B}.Release|Any CPU.Build.0 = Release|Any CPU
		{79585E5A-6A4B-452C-94F0-65CB90CF971B}.Release|x64.ActiveCfg = Release|Any CPU
		{79585E5A-6A4B-452C-94F0-65CB90CF971B}.Release|x64.Build.0 = Release|Any CPU
		{79585E5A-6A4B-452C-94F0-65CB90CF971B}.Release|x86.ActiveCfg = Release|Any CPU
		{79585E5A-6A4B-452C-94F0-65CB90CF971B}.Release|x86.Build.0 = Release|Any CPU
		{529B9ED6-BC32-4F07-8514-6C2A002FD2D1}.Debug|Any CPU.ActiveCfg = Debug|Any CPU
		{529B9ED6-BC32-4F07-8514-6C2A002FD2D1}.Debug|Any CPU.Build.0 = Debug|Any CPU
		{529B9ED6-BC32-4F07-8514-6C2A002FD2D1}.Debug|x64.ActiveCfg = Debug|Any CPU
		{529B9ED6-BC32-4F07-8514-6C2A002FD2D1}.Debug|x64.Build.0 = Debug|Any CPU
		{529B9ED6-BC32-4F07-8514-6C2A002FD2D1}.Debug|x86.ActiveCfg = Debug|Any CPU
		{529B9ED6-BC32-4F07-8514-6C2A002FD2D1}.Debug|x86.Build.0 = Debug|Any CPU
		{529B9ED6-BC32-4F07-8514-6C2A002FD2D1}.Release|Any CPU.ActiveCfg = Release|Any CPU
		{529B9ED6-BC32-4F07-8514-6C2A002FD2D1}.Release|Any CPU.Build.0 = Release|Any CPU
		{529B9ED6-BC32-4F07-8514-6C2A002FD2D1}.Release|x64.ActiveCfg = Release|Any CPU
		{529B9ED6-BC32-4F07-8514-6C2A002FD2D1}.Release|x64.Build.0 = Release|Any CPU
		{529B9ED6-BC32-4F07-8514-6C2A002FD2D1}.Release|x86.ActiveCfg = Release|Any CPU
		{529B9ED6-BC32-4F07-8514-6C2A002FD2D1}.Release|x86.Build.0 = Release|Any CPU
		{29FA5186-3269-47C6-9F7F-575C7E95EB7B}.Debug|Any CPU.ActiveCfg = Debug|Any CPU
		{29FA5186-3269-47C6-9F7F-575C7E95EB7B}.Debug|Any CPU.Build.0 = Debug|Any CPU
		{29FA5186-3269-47C6-9F7F-575C7E95EB7B}.Debug|x64.ActiveCfg = Debug|Any CPU
		{29FA5186-3269-47C6-9F7F-575C7E95EB7B}.Debug|x64.Build.0 = Debug|Any CPU
		{29FA5186-3269-47C6-9F7F-575C7E95EB7B}.Debug|x86.ActiveCfg = Debug|Any CPU
		{29FA5186-3269-47C6-9F7F-575C7E95EB7B}.Debug|x86.Build.0 = Debug|Any CPU
		{29FA5186-3269-47C6-9F7F-575C7E95EB7B}.Release|Any CPU.ActiveCfg = Release|Any CPU
		{29FA5186-3269-47C6-9F7F-575C7E95EB7B}.Release|Any CPU.Build.0 = Release|Any CPU
		{29FA5186-3269-47C6-9F7F-575C7E95EB7B}.Release|x64.ActiveCfg = Release|Any CPU
		{29FA5186-3269-47C6-9F7F-575C7E95EB7B}.Release|x64.Build.0 = Release|Any CPU
		{29FA5186-3269-47C6-9F7F-575C7E95EB7B}.Release|x86.ActiveCfg = Release|Any CPU
		{29FA5186-3269-47C6-9F7F-575C7E95EB7B}.Release|x86.Build.0 = Release|Any CPU
		{AAA4CEA1-B74D-4582-9C87-8EBAADD7B2DE}.Debug|Any CPU.ActiveCfg = Debug|Any CPU
		{AAA4CEA1-B74D-4582-9C87-8EBAADD7B2DE}.Debug|Any CPU.Build.0 = Debug|Any CPU
		{AAA4CEA1-B74D-4582-9C87-8EBAADD7B2DE}.Debug|x64.ActiveCfg = Debug|Any CPU
		{AAA4CEA1-B74D-4582-9C87-8EBAADD7B2DE}.Debug|x64.Build.0 = Debug|Any CPU
		{AAA4CEA1-B74D-4582-9C87-8EBAADD7B2DE}.Debug|x86.ActiveCfg = Debug|Any CPU
		{AAA4CEA1-B74D-4582-9C87-8EBAADD7B2DE}.Debug|x86.Build.0 = Debug|Any CPU
		{AAA4CEA1-B74D-4582-9C87-8EBAADD7B2DE}.Release|Any CPU.ActiveCfg = Release|Any CPU
		{AAA4CEA1-B74D-4582-9C87-8EBAADD7B2DE}.Release|Any CPU.Build.0 = Release|Any CPU
		{AAA4CEA1-B74D-4582-9C87-8EBAADD7B2DE}.Release|x64.ActiveCfg = Release|Any CPU
		{AAA4CEA1-B74D-4582-9C87-8EBAADD7B2DE}.Release|x64.Build.0 = Release|Any CPU
		{AAA4CEA1-B74D-4582-9C87-8EBAADD7B2DE}.Release|x86.ActiveCfg = Release|Any CPU
		{AAA4CEA1-B74D-4582-9C87-8EBAADD7B2DE}.Release|x86.Build.0 = Release|Any CPU
		{E6D2A06C-B229-488E-B1F3-3DC15D4F9E1D}.Debug|Any CPU.ActiveCfg = Debug|Any CPU
		{E6D2A06C-B229-488E-B1F3-3DC15D4F9E1D}.Debug|Any CPU.Build.0 = Debug|Any CPU
		{E6D2A06C-B229-488E-B1F3-3DC15D4F9E1D}.Debug|x64.ActiveCfg = Debug|Any CPU
		{E6D2A06C-B229-488E-B1F3-3DC15D4F9E1D}.Debug|x64.Build.0 = Debug|Any CPU
		{E6D2A06C-B229-488E-B1F3-3DC15D4F9E1D}.Debug|x86.ActiveCfg = Debug|Any CPU
		{E6D2A06C-B229-488E-B1F3-3DC15D4F9E1D}.Debug|x86.Build.0 = Debug|Any CPU
		{E6D2A06C-B229-488E-B1F3-3DC15D4F9E1D}.Release|Any CPU.ActiveCfg = Release|Any CPU
		{E6D2A06C-B229-488E-B1F3-3DC15D4F9E1D}.Release|Any CPU.Build.0 = Release|Any CPU
		{E6D2A06C-B229-488E-B1F3-3DC15D4F9E1D}.Release|x64.ActiveCfg = Release|Any CPU
		{E6D2A06C-B229-488E-B1F3-3DC15D4F9E1D}.Release|x64.Build.0 = Release|Any CPU
		{E6D2A06C-B229-488E-B1F3-3DC15D4F9E1D}.Release|x86.ActiveCfg = Release|Any CPU
		{E6D2A06C-B229-488E-B1F3-3DC15D4F9E1D}.Release|x86.Build.0 = Release|Any CPU
		{30260E7F-07F7-4007-993A-9B1357E78386}.Debug|Any CPU.ActiveCfg = Debug|Any CPU
		{30260E7F-07F7-4007-993A-9B1357E78386}.Debug|Any CPU.Build.0 = Debug|Any CPU
		{30260E7F-07F7-4007-993A-9B1357E78386}.Debug|x64.ActiveCfg = Debug|Any CPU
		{30260E7F-07F7-4007-993A-9B1357E78386}.Debug|x64.Build.0 = Debug|Any CPU
		{30260E7F-07F7-4007-993A-9B1357E78386}.Debug|x86.ActiveCfg = Debug|Any CPU
		{30260E7F-07F7-4007-993A-9B1357E78386}.Debug|x86.Build.0 = Debug|Any CPU
		{30260E7F-07F7-4007-993A-9B1357E78386}.Release|Any CPU.ActiveCfg = Release|Any CPU
		{30260E7F-07F7-4007-993A-9B1357E78386}.Release|Any CPU.Build.0 = Release|Any CPU
		{30260E7F-07F7-4007-993A-9B1357E78386}.Release|x64.ActiveCfg = Release|Any CPU
		{30260E7F-07F7-4007-993A-9B1357E78386}.Release|x64.Build.0 = Release|Any CPU
		{30260E7F-07F7-4007-993A-9B1357E78386}.Release|x86.ActiveCfg = Release|Any CPU
		{30260E7F-07F7-4007-993A-9B1357E78386}.Release|x86.Build.0 = Release|Any CPU
		{D2D9E43D-38CC-477B-BC12-3D776923D088}.Debug|Any CPU.ActiveCfg = Debug|Any CPU
		{D2D9E43D-38CC-477B-BC12-3D776923D088}.Debug|Any CPU.Build.0 = Debug|Any CPU
		{D2D9E43D-38CC-477B-BC12-3D776923D088}.Debug|x64.ActiveCfg = Debug|Any CPU
		{D2D9E43D-38CC-477B-BC12-3D776923D088}.Debug|x64.Build.0 = Debug|Any CPU
		{D2D9E43D-38CC-477B-BC12-3D776923D088}.Debug|x86.ActiveCfg = Debug|Any CPU
		{D2D9E43D-38CC-477B-BC12-3D776923D088}.Debug|x86.Build.0 = Debug|Any CPU
		{D2D9E43D-38CC-477B-BC12-3D776923D088}.Release|Any CPU.ActiveCfg = Release|Any CPU
		{D2D9E43D-38CC-477B-BC12-3D776923D088}.Release|Any CPU.Build.0 = Release|Any CPU
		{D2D9E43D-38CC-477B-BC12-3D776923D088}.Release|x64.ActiveCfg = Release|Any CPU
		{D2D9E43D-38CC-477B-BC12-3D776923D088}.Release|x64.Build.0 = Release|Any CPU
		{D2D9E43D-38CC-477B-BC12-3D776923D088}.Release|x86.ActiveCfg = Release|Any CPU
		{D2D9E43D-38CC-477B-BC12-3D776923D088}.Release|x86.Build.0 = Release|Any CPU
		{3B8857AA-9B41-4709-BA52-9EEE9605326B}.Debug|Any CPU.ActiveCfg = Debug|Any CPU
		{3B8857AA-9B41-4709-BA52-9EEE9605326B}.Debug|Any CPU.Build.0 = Debug|Any CPU
		{3B8857AA-9B41-4709-BA52-9EEE9605326B}.Debug|x64.ActiveCfg = Debug|Any CPU
		{3B8857AA-9B41-4709-BA52-9EEE9605326B}.Debug|x64.Build.0 = Debug|Any CPU
		{3B8857AA-9B41-4709-BA52-9EEE9605326B}.Debug|x86.ActiveCfg = Debug|Any CPU
		{3B8857AA-9B41-4709-BA52-9EEE9605326B}.Debug|x86.Build.0 = Debug|Any CPU
		{3B8857AA-9B41-4709-BA52-9EEE9605326B}.Release|Any CPU.ActiveCfg = Release|Any CPU
		{3B8857AA-9B41-4709-BA52-9EEE9605326B}.Release|Any CPU.Build.0 = Release|Any CPU
		{3B8857AA-9B41-4709-BA52-9EEE9605326B}.Release|x64.ActiveCfg = Release|Any CPU
		{3B8857AA-9B41-4709-BA52-9EEE9605326B}.Release|x64.Build.0 = Release|Any CPU
		{3B8857AA-9B41-4709-BA52-9EEE9605326B}.Release|x86.ActiveCfg = Release|Any CPU
		{3B8857AA-9B41-4709-BA52-9EEE9605326B}.Release|x86.Build.0 = Release|Any CPU
		{20DA1819-862E-42A6-8B45-30B015867E72}.Debug|Any CPU.ActiveCfg = Debug|Any CPU
		{20DA1819-862E-42A6-8B45-30B015867E72}.Debug|Any CPU.Build.0 = Debug|Any CPU
		{20DA1819-862E-42A6-8B45-30B015867E72}.Debug|x64.ActiveCfg = Debug|Any CPU
		{20DA1819-862E-42A6-8B45-30B015867E72}.Debug|x64.Build.0 = Debug|Any CPU
		{20DA1819-862E-42A6-8B45-30B015867E72}.Debug|x86.ActiveCfg = Debug|Any CPU
		{20DA1819-862E-42A6-8B45-30B015867E72}.Debug|x86.Build.0 = Debug|Any CPU
		{20DA1819-862E-42A6-8B45-30B015867E72}.Release|Any CPU.ActiveCfg = Release|Any CPU
		{20DA1819-862E-42A6-8B45-30B015867E72}.Release|Any CPU.Build.0 = Release|Any CPU
		{20DA1819-862E-42A6-8B45-30B015867E72}.Release|x64.ActiveCfg = Release|Any CPU
		{20DA1819-862E-42A6-8B45-30B015867E72}.Release|x64.Build.0 = Release|Any CPU
		{20DA1819-862E-42A6-8B45-30B015867E72}.Release|x86.ActiveCfg = Release|Any CPU
		{20DA1819-862E-42A6-8B45-30B015867E72}.Release|x86.Build.0 = Release|Any CPU
		{F3F16D95-C0AA-4C4D-A1B4-B2E8BCA6E2EA}.Debug|Any CPU.ActiveCfg = Debug|Any CPU
		{F3F16D95-C0AA-4C4D-A1B4-B2E8BCA6E2EA}.Debug|Any CPU.Build.0 = Debug|Any CPU
		{F3F16D95-C0AA-4C4D-A1B4-B2E8BCA6E2EA}.Debug|x64.ActiveCfg = Debug|Any CPU
		{F3F16D95-C0AA-4C4D-A1B4-B2E8BCA6E2EA}.Debug|x64.Build.0 = Debug|Any CPU
		{F3F16D95-C0AA-4C4D-A1B4-B2E8BCA6E2EA}.Debug|x86.ActiveCfg = Debug|Any CPU
		{F3F16D95-C0AA-4C4D-A1B4-B2E8BCA6E2EA}.Debug|x86.Build.0 = Debug|Any CPU
		{F3F16D95-C0AA-4C4D-A1B4-B2E8BCA6E2EA}.Release|Any CPU.ActiveCfg = Release|Any CPU
		{F3F16D95-C0AA-4C4D-A1B4-B2E8BCA6E2EA}.Release|Any CPU.Build.0 = Release|Any CPU
		{F3F16D95-C0AA-4C4D-A1B4-B2E8BCA6E2EA}.Release|x64.ActiveCfg = Release|Any CPU
		{F3F16D95-C0AA-4C4D-A1B4-B2E8BCA6E2EA}.Release|x64.Build.0 = Release|Any CPU
		{F3F16D95-C0AA-4C4D-A1B4-B2E8BCA6E2EA}.Release|x86.ActiveCfg = Release|Any CPU
		{F3F16D95-C0AA-4C4D-A1B4-B2E8BCA6E2EA}.Release|x86.Build.0 = Release|Any CPU
		{757FD36A-DE96-4D8F-8EE1-E1AB0669A2DA}.Debug|Any CPU.ActiveCfg = Debug|Any CPU
		{757FD36A-DE96-4D8F-8EE1-E1AB0669A2DA}.Debug|Any CPU.Build.0 = Debug|Any CPU
		{757FD36A-DE96-4D8F-8EE1-E1AB0669A2DA}.Debug|x64.ActiveCfg = Debug|Any CPU
		{757FD36A-DE96-4D8F-8EE1-E1AB0669A2DA}.Debug|x64.Build.0 = Debug|Any CPU
		{757FD36A-DE96-4D8F-8EE1-E1AB0669A2DA}.Debug|x86.ActiveCfg = Debug|Any CPU
		{757FD36A-DE96-4D8F-8EE1-E1AB0669A2DA}.Debug|x86.Build.0 = Debug|Any CPU
		{757FD36A-DE96-4D8F-8EE1-E1AB0669A2DA}.Release|Any CPU.ActiveCfg = Release|Any CPU
		{757FD36A-DE96-4D8F-8EE1-E1AB0669A2DA}.Release|Any CPU.Build.0 = Release|Any CPU
		{757FD36A-DE96-4D8F-8EE1-E1AB0669A2DA}.Release|x64.ActiveCfg = Release|Any CPU
		{757FD36A-DE96-4D8F-8EE1-E1AB0669A2DA}.Release|x64.Build.0 = Release|Any CPU
		{757FD36A-DE96-4D8F-8EE1-E1AB0669A2DA}.Release|x86.ActiveCfg = Release|Any CPU
		{757FD36A-DE96-4D8F-8EE1-E1AB0669A2DA}.Release|x86.Build.0 = Release|Any CPU
		{8CAE7086-932D-42D5-90A2-EE63D92C848F}.Debug|Any CPU.ActiveCfg = Debug|Any CPU
		{8CAE7086-932D-42D5-90A2-EE63D92C848F}.Debug|Any CPU.Build.0 = Debug|Any CPU
		{8CAE7086-932D-42D5-90A2-EE63D92C848F}.Debug|x64.ActiveCfg = Debug|Any CPU
		{8CAE7086-932D-42D5-90A2-EE63D92C848F}.Debug|x64.Build.0 = Debug|Any CPU
		{8CAE7086-932D-42D5-90A2-EE63D92C848F}.Debug|x86.ActiveCfg = Debug|Any CPU
		{8CAE7086-932D-42D5-90A2-EE63D92C848F}.Debug|x86.Build.0 = Debug|Any CPU
		{8CAE7086-932D-42D5-90A2-EE63D92C848F}.Release|Any CPU.ActiveCfg = Release|Any CPU
		{8CAE7086-932D-42D5-90A2-EE63D92C848F}.Release|Any CPU.Build.0 = Release|Any CPU
		{8CAE7086-932D-42D5-90A2-EE63D92C848F}.Release|x64.ActiveCfg = Release|Any CPU
		{8CAE7086-932D-42D5-90A2-EE63D92C848F}.Release|x64.Build.0 = Release|Any CPU
		{8CAE7086-932D-42D5-90A2-EE63D92C848F}.Release|x86.ActiveCfg = Release|Any CPU
		{8CAE7086-932D-42D5-90A2-EE63D92C848F}.Release|x86.Build.0 = Release|Any CPU
		{521A40E4-BBEE-4353-AA53-D2CA646C075C}.Debug|Any CPU.ActiveCfg = Debug|Any CPU
		{521A40E4-BBEE-4353-AA53-D2CA646C075C}.Debug|Any CPU.Build.0 = Debug|Any CPU
		{521A40E4-BBEE-4353-AA53-D2CA646C075C}.Debug|x64.ActiveCfg = Debug|Any CPU
		{521A40E4-BBEE-4353-AA53-D2CA646C075C}.Debug|x64.Build.0 = Debug|Any CPU
		{521A40E4-BBEE-4353-AA53-D2CA646C075C}.Debug|x86.ActiveCfg = Debug|Any CPU
		{521A40E4-BBEE-4353-AA53-D2CA646C075C}.Debug|x86.Build.0 = Debug|Any CPU
		{521A40E4-BBEE-4353-AA53-D2CA646C075C}.Release|Any CPU.ActiveCfg = Release|Any CPU
		{521A40E4-BBEE-4353-AA53-D2CA646C075C}.Release|Any CPU.Build.0 = Release|Any CPU
		{521A40E4-BBEE-4353-AA53-D2CA646C075C}.Release|x64.ActiveCfg = Release|Any CPU
		{521A40E4-BBEE-4353-AA53-D2CA646C075C}.Release|x64.Build.0 = Release|Any CPU
		{521A40E4-BBEE-4353-AA53-D2CA646C075C}.Release|x86.ActiveCfg = Release|Any CPU
		{521A40E4-BBEE-4353-AA53-D2CA646C075C}.Release|x86.Build.0 = Release|Any CPU
		{1996F151-80C8-4A47-9D65-D34F5FF2F160}.Debug|Any CPU.ActiveCfg = Debug|Any CPU
		{1996F151-80C8-4A47-9D65-D34F5FF2F160}.Debug|Any CPU.Build.0 = Debug|Any CPU
		{1996F151-80C8-4A47-9D65-D34F5FF2F160}.Debug|x64.ActiveCfg = Debug|Any CPU
		{1996F151-80C8-4A47-9D65-D34F5FF2F160}.Debug|x64.Build.0 = Debug|Any CPU
		{1996F151-80C8-4A47-9D65-D34F5FF2F160}.Debug|x86.ActiveCfg = Debug|Any CPU
		{1996F151-80C8-4A47-9D65-D34F5FF2F160}.Debug|x86.Build.0 = Debug|Any CPU
		{1996F151-80C8-4A47-9D65-D34F5FF2F160}.Release|Any CPU.ActiveCfg = Release|Any CPU
		{1996F151-80C8-4A47-9D65-D34F5FF2F160}.Release|Any CPU.Build.0 = Release|Any CPU
		{1996F151-80C8-4A47-9D65-D34F5FF2F160}.Release|x64.ActiveCfg = Release|Any CPU
		{1996F151-80C8-4A47-9D65-D34F5FF2F160}.Release|x64.Build.0 = Release|Any CPU
		{1996F151-80C8-4A47-9D65-D34F5FF2F160}.Release|x86.ActiveCfg = Release|Any CPU
		{1996F151-80C8-4A47-9D65-D34F5FF2F160}.Release|x86.Build.0 = Release|Any CPU
	EndGlobalSection
	GlobalSection(SolutionProperties) = preSolution
		HideSolutionNode = FALSE
	EndGlobalSection
	GlobalSection(NestedProjects) = preSolution
		{C6EF4F2D-56B8-454B-8FD7-E83316C8235F} = {5D20AA90-6969-D8BD-9DCD-8634F4692FDA}
		{79585E5A-6A4B-452C-94F0-65CB90CF971B} = {5D20AA90-6969-D8BD-9DCD-8634F4692FDA}
		{529B9ED6-BC32-4F07-8514-6C2A002FD2D1} = {5D20AA90-6969-D8BD-9DCD-8634F4692FDA}
		{29FA5186-3269-47C6-9F7F-575C7E95EB7B} = {5D20AA90-6969-D8BD-9DCD-8634F4692FDA}
		{AAA4CEA1-B74D-4582-9C87-8EBAADD7B2DE} = {5D20AA90-6969-D8BD-9DCD-8634F4692FDA}
		{E6D2A06C-B229-488E-B1F3-3DC15D4F9E1D} = {5D20AA90-6969-D8BD-9DCD-8634F4692FDA}
		{30260E7F-07F7-4007-993A-9B1357E78386} = {5D20AA90-6969-D8BD-9DCD-8634F4692FDA}
		{D2D9E43D-38CC-477B-BC12-3D776923D088} = {5D20AA90-6969-D8BD-9DCD-8634F4692FDA}
		{3B8857AA-9B41-4709-BA52-9EEE9605326B} = {5D20AA90-6969-D8BD-9DCD-8634F4692FDA}
		{20DA1819-862E-42A6-8B45-30B015867E72} = {5D20AA90-6969-D8BD-9DCD-8634F4692FDA}
		{F3F16D95-C0AA-4C4D-A1B4-B2E8BCA6E2EA} = {5D20AA90-6969-D8BD-9DCD-8634F4692FDA}
		{757FD36A-DE96-4D8F-8EE1-E1AB0669A2DA} = {5D20AA90-6969-D8BD-9DCD-8634F4692FDA}
		{8CAE7086-932D-42D5-90A2-EE63D92C848F} = {5D20AA90-6969-D8BD-9DCD-8634F4692FDA}
		{521A40E4-BBEE-4353-AA53-D2CA646C075C} = {5D20AA90-6969-D8BD-9DCD-8634F4692FDA}
		{1996F151-80C8-4A47-9D65-D34F5FF2F160} = {5D20AA90-6969-D8BD-9DCD-8634F4692FDA}
	EndGlobalSection
EndGlobal
